
Microsoft Visual Studio Solution File, Format Version 12.00
# Visual Studio Version 17
VisualStudioVersion = 17.13.35828.75 d17.13
MinimumVisualStudioVersion = 10.0.40219.1
Project("{FAE04EC0-301F-11D3-BF4B-00C04F79EFBC}") = "SpaceAnalyzer", "SpaceAnalyzer\SpaceAnalyzer.csproj", "{EE37DDEF-C7B5-467D-990A-0EAC24B6D434}"
EndProject
Global
	GlobalSection(SolutionConfigurationPlatforms) = preSolution
		Debug|Any CPU = Debug|Any CPU
		Release|Any CPU = Release|Any CPU
	EndGlobalSection
	GlobalSection(ProjectConfigurationPlatforms) = postSolution
		{EE37DDEF-C7B5-467D-990A-0EAC24B6D434}.Debug|Any CPU.ActiveCfg = Debug|Any CPU
		{EE37DDEF-C7B5-467D-990A-0EAC24B6D434}.Debug|Any CPU.Build.0 = Debug|Any CPU
		{EE37DDEF-C7B5-467D-990A-0EAC24B6D434}.Release|Any CPU.ActiveCfg = Release|Any CPU
		{EE37DDEF-C7B5-467D-990A-0EAC24B6D434}.Release|Any CPU.Build.0 = Release|Any CPU
	EndGlobalSection
	GlobalSection(SolutionProperties) = preSolution
		HideSolutionNode = FALSE
	EndGlobalSection
	GlobalSection(ExtensibilityGlobals) = postSolution
		SolutionGuid = {43BEFB7A-B511-48E6-B2BA-B8EEF090139A}
	EndGlobalSection
EndGlobal
